
Microsoft Visual Studio Solution File, Format Version 12.00
# Visual Studio Version 17
VisualStudioVersion = 17.6.33815.320
MinimumVisualStudioVersion = 10.0.40219.1
Project("{FAE04EC0-301F-11D3-BF4B-00C04F79EFBC}") = "ADO-17.08.2023(1)", "ADO-17.08.2023(1)\ADO-17.08.2023(1).csproj", "{A94644DC-281C-40CD-8514-3892EE1E61B2}"
EndProject
Global
	GlobalSection(SolutionConfigurationPlatforms) = preSolution
		Debug|Any CPU = Debug|Any CPU
		Release|Any CPU = Release|Any CPU
	EndGlobalSection
	GlobalSection(ProjectConfigurationPlatforms) = postSolution
		{A94644DC-281C-40CD-8514-3892EE1E61B2}.Debug|Any CPU.ActiveCfg = Debug|Any CPU
		{A94644DC-281C-40CD-8514-3892EE1E61B2}.Debug|Any CPU.Build.0 = Debug|Any CPU
		{A94644DC-281C-40CD-8514-3892EE1E61B2}.Release|Any CPU.ActiveCfg = Release|Any CPU
		{A94644DC-281C-40CD-8514-3892EE1E61B2}.Release|Any CPU.Build.0 = Release|Any CPU
	EndGlobalSection
	GlobalSection(SolutionProperties) = preSolution
		HideSolutionNode = FALSE
	EndGlobalSection
	GlobalSection(ExtensibilityGlobals) = postSolution
		SolutionGuid = {C2F89012-47CE-4A15-9451-F5E56579E21E}
	EndGlobalSection
EndGlobal
